Microsoft Visual Studio Solution File, Format Version 11.00
# Visual Studio 2008

Project("{28C87DB1-0990-DCA7-4473-3C0581861490}") = "tribal-surivival-master", "Assembly-CSharp.csproj", "{3CC81CB2-CE1A-B3AE-A6C0-71CF470033F7}"
EndProject
Global
	GlobalSection(SolutionConfigurationPlatforms) = preSolution
		Debug|Any CPU = Debug|Any CPU
		Release|Any CPU = Release|Any CPU
	EndGlobalSection
	GlobalSection(ProjectConfigurationPlatforms) = postSolution
		{3CC81CB2-CE1A-B3AE-A6C0-71CF470033F7}.Debug|Any CPU.ActiveCfg = Debug|Any CPU
		{3CC81CB2-CE1A-B3AE-A6C0-71CF470033F7}.Debug|Any CPU.Build.0 = Debug|Any CPU
		{3CC81CB2-CE1A-B3AE-A6C0-71CF470033F7}.Release|Any CPU.ActiveCfg = Release|Any CPU
		{3CC81CB2-CE1A-B3AE-A6C0-71CF470033F7}.Release|Any CPU.Build.0 = Release|Any CPU
	EndGlobalSection
	GlobalSection(SolutionProperties) = preSolution
		HideSolutionNode = FALSE
	EndGlobalSection
	GlobalSection(MonoDevelopProperties) = preSolution
		StartupItem = Assembly-CSharp.csproj
	EndGlobalSection
EndGlobal
